// !$*UTF8*$!
{
	archiveVersion = 1;
	classes = {
	};
	objectVersion = 56;
	objects = {

/* Begin PBXBuildFile section */
		2F7D60832906718D003A22EF /* WeShopApp.swift in Sources */ = {isa = PBXBuildFile; fileRef = 2F7D60822906718D003A22EF /* WeShopApp.swift */; };
		2F7D60852906718D003A22EF /* ContentView.swift in Sources */ = {isa = PBXBuildFile; fileRef = 2F7D60842906718D003A22EF /* ContentView.swift */; };
		2F7D60872906718D003A22EF /* Assets.xcassets in Resources */ = {isa = PBXBuildFile; fileRef = 2F7D60862906718D003A22EF /* Assets.xcassets */; };
		2F7D608B2906718D003A22EF /* Preview Assets.xcassets in Resources */ = {isa = PBXBuildFile; fileRef = 2F7D608A2906718D003A22EF /* Preview Assets.xcassets */; };
		2F7D609529067515003A22EF /* FirebaseAnalytics in Frameworks */ = {isa = PBXBuildFile; productRef = 2F7D609429067515003A22EF /* FirebaseAnalytics */; };
		2F7D609729067515003A22EF /* FirebaseAnalyticsSwift in Frameworks */ = {isa = PBXBuildFile; productRef = 2F7D609629067515003A22EF /* FirebaseAnalyticsSwift */; };
		2F7D609929067515003A22EF /* FirebaseAuth in Frameworks */ = {isa = PBXBuildFile; productRef = 2F7D609829067515003A22EF /* FirebaseAuth */; };
		2F7D609B29067515003A22EF /* FirebaseDatabase in Frameworks */ = {isa = PBXBuildFile; productRef = 2F7D609A29067515003A22EF /* FirebaseDatabase */; };
		2F7D609D29067515003A22EF /* FirebaseDatabaseSwift in Frameworks */ = {isa = PBXBuildFile; productRef = 2F7D609C29067515003A22EF /* FirebaseDatabaseSwift */; };
		2F7D609F29067CBF003A22EF /* AuthScreen.swift in Sources */ = {isa = PBXBuildFile; fileRef = 2F7D609E29067CBF003A22EF /* AuthScreen.swift */; };
		2F7D60A129067CD3003A22EF /* AllShoppingListsScreen.swift in Sources */ = {isa = PBXBuildFile; fileRef = 2F7D60A029067CD3003A22EF /* AllShoppingListsScreen.swift */; };
		2F7D60A429067D59003A22EF /* ShoppingList.swift in Sources */ = {isa = PBXBuildFile; fileRef = 2F7D60A329067D59003A22EF /* ShoppingList.swift */; };
		2F7D60A629067D64003A22EF /* ShoppingItem.swift in Sources */ = {isa = PBXBuildFile; fileRef = 2F7D60A529067D64003A22EF /* ShoppingItem.swift */; };
		2F7D60A929068398003A22EF /* ShoppingList+Preview.swift in Sources */ = {isa = PBXBuildFile; fileRef = 2F7D60A829068398003A22EF /* ShoppingList+Preview.swift */; };
		2F7D60AE290684C7003A22EF /* ShoppingListDetailScreen.swift in Sources */ = {isa = PBXBuildFile; fileRef = 2F7D60AD290684C7003A22EF /* ShoppingListDetailScreen.swift */; };
		2F7D60B02906AAF0003A22EF /* GoogleService-Info.plist in Resources */ = {isa = PBXBuildFile; fileRef = 2F7D60AF2906AAF0003A22EF /* GoogleService-Info.plist */; };
/* End PBXBuildFile section */

/* Begin PBXFileReference section */
		2F7D607F2906718D003A22EF /* MY-WeShop.app */ = {isa = PBXFileReference; explicitFileType = wrapper.application; includeInIndex = 0; path = "MY-WeShop.app"; sourceTree = BUILT_PRODUCTS_DIR; };
		2F7D60822906718D003A22EF /* WeShopApp.swift */ = {isa = PBXFileReference; lastKnownFileType = sourcecode.swift; path = WeShopApp.swift; sourceTree = "<group>"; };
		2F7D60842906718D003A22EF /* ContentView.swift */ = {isa = PBXFileReference; lastKnownFileType = sourcecode.swift; path = ContentView.swift; sourceTree = "<group>"; };
		2F7D60862906718D003A22EF /* Assets.xcassets */ = {isa = PBXFileReference; lastKnownFileType = folder.assetcatalog; path = Assets.xcassets; sourceTree = "<group>"; };
		2F7D60882906718D003A22EF /* MY_WeShop.entitlements */ = {isa = PBXFileReference; lastKnownFileType = text.plist.entitlements; path = MY_WeShop.entitlements; sourceTree = "<group>"; };
		2F7D608A2906718D003A22EF /* Preview Assets.xcassets */ = {isa = PBXFileReference; lastKnownFileType = folder.assetcatalog; path = "Preview Assets.xcassets"; sourceTree = "<group>"; };
		2F7D609E29067CBF003A22EF /* AuthScreen.swift */ = {isa = PBXFileReference; lastKnownFileType = sourcecode.swift; path = AuthScreen.swift; sourceTree = "<group>"; };
		2F7D60A029067CD3003A22EF /* AllShoppingListsScreen.swift */ = {isa = PBXFileReference; lastKnownFileType = sourcecode.swift; path = AllShoppingListsScreen.swift; sourceTree = "<group>"; };
		2F7D60A329067D59003A22EF /* ShoppingList.swift */ = {isa = PBXFileReference; lastKnownFileType = sourcecode.swift; path = ShoppingList.swift; sourceTree = "<group>"; };
		2F7D60A529067D64003A22EF /* ShoppingItem.swift */ = {isa = PBXFileReference; lastKnownFileType = sourcecode.swift; path = ShoppingItem.swift; sourceTree = "<group>"; };
		2F7D60A829068398003A22EF /* ShoppingList+Preview.swift */ = {isa = PBXFileReference; lastKnownFileType = sourcecode.swift; path = "ShoppingList+Preview.swift"; sourceTree = "<group>"; };
		2F7D60AD290684C7003A22EF /* ShoppingListDetailScreen.swift */ = {isa = PBXFileReference; lastKnownFileType = sourcecode.swift; path = ShoppingListDetailScreen.swift; sourceTree = "<group>"; };
		2F7D60AF2906AAF0003A22EF /* GoogleService-Info.plist */ = {isa = PBXFileReference; fileEncoding = 4; lastKnownFileType = text.plist.xml; path = "GoogleService-Info.plist"; sourceTree = "<group>"; };
/* End PBXFileReference section */

/* Begin PBXFrameworksBuildPhase section */
		2F7D607C2906718D003A22EF /* Frameworks */ = {
			isa = PBXFrameworksBuildPhase;
			buildActionMask = 2147483647;
			files = (
				2F7D609D29067515003A22EF /* FirebaseDatabaseSwift in Frameworks */,
				2F7D609729067515003A22EF /* FirebaseAnalyticsSwift in Frameworks */,
				2F7D609929067515003A22EF /* FirebaseAuth in Frameworks */,
				2F7D609B29067515003A22EF /* FirebaseDatabase in Frameworks */,
				2F7D609529067515003A22EF /* FirebaseAnalytics in Frameworks */,
			);
			runOnlyForDeploymentPostprocessing = 0;
		};
/* End PBXFrameworksBuildPhase section */

/* Begin PBXGroup section */
		2F7D60762906718D003A22EF = {
			isa = PBXGroup;
			children = (
				2F7D60812906718D003A22EF /* MY-WeShop */,
				2F7D60802906718D003A22EF /* Products */,
			);
			sourceTree = "<group>";
		};
		2F7D60802906718D003A22EF /* Products */ = {
			isa = PBXGroup;
			children = (
				2F7D607F2906718D003A22EF /* MY-WeShop.app */,
			);
			name = Products;
			sourceTree = "<group>";
		};
		2F7D60812906718D003A22EF /* MY-WeShop */ = {
			isa = PBXGroup;
			children = (
				2F7D60822906718D003A22EF /* WeShopApp.swift */,
				2F7D60842906718D003A22EF /* ContentView.swift */,
				2F7D60AA2906849F003A22EF /* Shopping */,
				2F7D60A729067DD6003A22EF /* Auth */,
				2F7D60862906718D003A22EF /* Assets.xcassets */,
				2F7D60882906718D003A22EF /* MY_WeShop.entitlements */,
				2F7D60AF2906AAF0003A22EF /* GoogleService-Info.plist */,
				2F7D60892906718D003A22EF /* Preview Content */,
			);
			path = "MY-WeShop";
			sourceTree = "<group>";
		};
		2F7D60892906718D003A22EF /* Preview Content */ = {
			isa = PBXGroup;
			children = (
				2F7D60A829068398003A22EF /* ShoppingList+Preview.swift */,
				2F7D608A2906718D003A22EF /* Preview Assets.xcassets */,
			);
			path = "Preview Content";
			sourceTree = "<group>";
		};
		2F7D60A229067D51003A22EF /* Data */ = {
			isa = PBXGroup;
			children = (
				2F7D60A329067D59003A22EF /* ShoppingList.swift */,
				2F7D60A529067D64003A22EF /* ShoppingItem.swift */,
			);
			path = Data;
			sourceTree = "<group>";
		};
		2F7D60A729067DD6003A22EF /* Auth */ = {
			isa = PBXGroup;
			children = (
				2F7D609E29067CBF003A22EF /* AuthScreen.swift */,
			);
			path = Auth;
			sourceTree = "<group>";
		};
		2F7D60AA2906849F003A22EF /* Shopping */ = {
			isa = PBXGroup;
			children = (
				2F7D60A229067D51003A22EF /* Data */,
				2F7D60AC290684B6003A22EF /* UI */,
			);
			path = Shopping;
			sourceTree = "<group>";
		};
		2F7D60AC290684B6003A22EF /* UI */ = {
			isa = PBXGroup;
			children = (
				2F7D60A029067CD3003A22EF /* AllShoppingListsScreen.swift */,
				2F7D60AD290684C7003A22EF /* ShoppingListDetailScreen.swift */,
			);
			path = UI;
			sourceTree = "<group>";
		};
/* End PBXGroup section */

/* Begin PBXNativeTarget section */
		2F7D607E2906718D003A22EF /* MY-WeShop */ = {
			isa = PBXNativeTarget;
			buildConfigurationList = 2F7D608E2906718D003A22EF /* Build configuration list for PBXNativeTarget "MY-WeShop" */;
			buildPhases = (
				2F7D607B2906718D003A22EF /* Sources */,
				2F7D607C2906718D003A22EF /* Frameworks */,
				2F7D607D2906718D003A22EF /* Resources */,
			);
			buildRules = (
			);
			dependencies = (
			);
			name = "MY-WeShop";
			packageProductDependencies = (
				2F7D609429067515003A22EF /* FirebaseAnalytics */,
				2F7D609629067515003A22EF /* FirebaseAnalyticsSwift */,
				2F7D609829067515003A22EF /* FirebaseAuth */,
				2F7D609A29067515003A22EF /* FirebaseDatabase */,
				2F7D609C29067515003A22EF /* FirebaseDatabaseSwift */,
			);
			productName = "MY-WeShop";
			productReference = 2F7D607F2906718D003A22EF /* MY-WeShop.app */;
			productType = "com.apple.product-type.application";
		};
/* End PBXNativeTarget section */

/* Begin PBXProject section */
		2F7D60772906718D003A22EF /* Project object */ = {
			isa = PBXProject;
			attributes = {
				BuildIndependentTargetsInParallel = 1;
				LastSwiftUpdateCheck = 1400;
				LastUpgradeCheck = 1400;
				TargetAttributes = {
					2F7D607E2906718D003A22EF = {
						CreatedOnToolsVersion = 14.0.1;
					};
				};
			};
			buildConfigurationList = 2F7D607A2906718D003A22EF /* Build configuration list for PBXProject "MY-WeShop" */;
			compatibilityVersion = "Xcode 14.0";
			developmentRegion = en;
			hasScannedForEncodings = 0;
			knownRegions = (
				en,
				Base,
			);
			mainGroup = 2F7D60762906718D003A22EF;
			packageReferences = (
				2F7D609329067515003A22EF /* XCRemoteSwiftPackageReference "firebase-ios-sdk" */,
			);
			productRefGroup = 2F7D60802906718D003A22EF /* Products */;
			projectDirPath = "";
			projectRoot = "";
			targets = (
				2F7D607E2906718D003A22EF /* MY-WeShop */,
			);
		};
/* End PBXProject section */

/* Begin PBXResourcesBuildPhase section */
		2F7D607D2906718D003A22EF /* Resources */ = {
			isa = PBXResourcesBuildPhase;
			buildActionMask = 2147483647;
			files = (
				2F7D608B2906718D003A22EF /* Preview Assets.xcassets in Resources */,
				2F7D60872906718D003A22EF /* Assets.xcassets in Resources */,
				2F7D60B02906AAF0003A22EF /* GoogleService-Info.plist in Resources */,
			);
			runOnlyForDeploymentPostprocessing = 0;
		};
/* End PBXResourcesBuildPhase section */

/* Begin PBXSourcesBuildPhase section */
		2F7D607B2906718D003A22EF /* Sources */ = {
			isa = PBXSourcesBuildPhase;
			buildActionMask = 2147483647;
			files = (
				2F7D60AE290684C7003A22EF /* ShoppingListDetailScreen.swift in Sources */,
				2F7D60A629067D64003A22EF /* ShoppingItem.swift in Sources */,
				2F7D60A929068398003A22EF /* ShoppingList+Preview.swift in Sources */,
				2F7D60852906718D003A22EF /* ContentView.swift in Sources */,
				2F7D60832906718D003A22EF /* WeShopApp.swift in Sources */,
				2F7D60A429067D59003A22EF /* ShoppingList.swift in Sources */,
				2F7D609F29067CBF003A22EF /* AuthScreen.swift in Sources */,
				2F7D60A129067CD3003A22EF /* AllShoppingListsScreen.swift in Sources */,
			);
			runOnlyForDeploymentPostprocessing = 0;
		};
/* End PBXSourcesBuildPhase section */

/* Begin XCBuildConfiguration section */
		2F7D608C2906718D003A22EF /* Debug */ = {
			isa = XCBuildConfiguration;
			buildSettings = {
				ALWAYS_SEARCH_USER_PATHS = NO;
				CLANG_ANALYZER_NONNULL = YES;
				CLANG_ANALYZER_NUMBER_OBJECT_CONVERSION = YES_AGGRESSIVE;
				CLANG_CXX_LANGUAGE_STANDARD = "gnu++20";
				CLANG_ENABLE_MODULES = YES;
				CLANG_ENABLE_OBJC_ARC = YES;
				CLANG_ENABLE_OBJC_WEAK = YES;
				CLANG_WARN_BLOCK_CAPTURE_AUTORELEASING = YES;
				CLANG_WARN_BOOL_CONVERSION = YES;
				CLANG_WARN_COMMA = YES;
				CLANG_WARN_CONSTANT_CONVERSION = YES;
				CLANG_WARN_DEPRECATED_OBJC_IMPLEMENTATIONS = YES;
				CLANG_WARN_DIRECT_OBJC_ISA_USAGE = YES_ERROR;
				CLANG_WARN_DOCUMENTATION_COMMENTS = YES;
				CLANG_WARN_EMPTY_BODY = YES;
				CLANG_WARN_ENUM_CONVERSION = YES;
				CLANG_WARN_INFINITE_RECURSION = YES;
				CLANG_WARN_INT_CONVERSION = YES;
				CLANG_WARN_NON_LITERAL_NULL_CONVERSION = YES;
				CLANG_WARN_OBJC_IMPLICIT_RETAIN_SELF = YES;
				CLANG_WARN_OBJC_LITERAL_CONVERSION = YES;
				CLANG_WARN_OBJC_ROOT_CLASS = YES_ERROR;
				CLANG_WARN_QUOTED_INCLUDE_IN_FRAMEWORK_HEADER = YES;
				CLANG_WARN_RANGE_LOOP_ANALYSIS = YES;
				CLANG_WARN_STRICT_PROTOTYPES = YES;
				CLANG_WARN_SUSPICIOUS_MOVE = YES;
				CLANG_WARN_UNGUARDED_AVAILABILITY = YES_AGGRESSIVE;
				CLANG_WARN_UNREACHABLE_CODE = YES;
				CLANG_WARN__DUPLICATE_METHOD_MATCH = YES;
				COPY_PHASE_STRIP = NO;
				DEBUG_INFORMATION_FORMAT = dwarf;
				ENABLE_STRICT_OBJC_MSGSEND = YES;
				ENABLE_TESTABILITY = YES;
				GCC_C_LANGUAGE_STANDARD = gnu11;
				GCC_DYNAMIC_NO_PIC = NO;
				GCC_NO_COMMON_BLOCKS = YES;
				GCC_OPTIMIZATION_LEVEL = 0;
				GCC_PREPROCESSOR_DEFINITIONS = (
					"DEBUG=1",
					"$(inherited)",
				);
				GCC_WARN_64_TO_32_BIT_CONVERSION = YES;
				GCC_WARN_ABOUT_RETURN_TYPE = YES_ERROR;
				GCC_WARN_UNDECLARED_SELECTOR = YES;
				GCC_WARN_UNINITIALIZED_AUTOS = YES_AGGRESSIVE;
				GCC_WARN_UNUSED_FUNCTION = YES;
				GCC_WARN_UNUSED_VARIABLE = YES;
				MTL_ENABLE_DEBUG_INFO = INCLUDE_SOURCE;
				MTL_FAST_MATH = YES;
				ONLY_ACTIVE_ARCH = YES;
				SWIFT_ACTIVE_COMPILATION_CONDITIONS = DEBUG;
				SWIFT_OPTIMIZATION_LEVEL = "-Onone";
			};
			name = Debug;
		};
		2F7D608D2906718D003A22EF /* Release */ = {
			isa = XCBuildConfiguration;
			buildSettings = {
				ALWAYS_SEARCH_USER_PATHS = NO;
				CLANG_ANALYZER_NONNULL = YES;
				CLANG_ANALYZER_NUMBER_OBJECT_CONVERSION = YES_AGGRESSIVE;
				CLANG_CXX_LANGUAGE_STANDARD = "gnu++20";
				CLANG_ENABLE_MODULES = YES;
				CLANG_ENABLE_OBJC_ARC = YES;
				CLANG_ENABLE_OBJC_WEAK = YES;
				CLANG_WARN_BLOCK_CAPTURE_AUTORELEASING = YES;
				CLANG_WARN_BOOL_CONVERSION = YES;
				CLANG_WARN_COMMA = YES;
				CLANG_WARN_CONSTANT_CONVERSION = YES;
				CLANG_WARN_DEPRECATED_OBJC_IMPLEMENTATIONS = YES;
				CLANG_WARN_DIRECT_OBJC_ISA_USAGE = YES_ERROR;
				CLANG_WARN_DOCUMENTATION_COMMENTS = YES;
				CLANG_WARN_EMPTY_BODY = YES;
				CLANG_WARN_ENUM_CONVERSION = YES;
				CLANG_WARN_INFINITE_RECURSION = YES;
				CLANG_WARN_INT_CONVERSION = YES;
				CLANG_WARN_NON_LITERAL_NULL_CONVERSION = YES;
				CLANG_WARN_OBJC_IMPLICIT_RETAIN_SELF = YES;
				CLANG_WARN_OBJC_LITERAL_CONVERSION = YES;
				CLANG_WARN_OBJC_ROOT_CLASS = YES_ERROR;
				CLANG_WARN_QUOTED_INCLUDE_IN_FRAMEWORK_HEADER = YES;
				CLANG_WARN_RANGE_LOOP_ANALYSIS = YES;
				CLANG_WARN_STRICT_PROTOTYPES = YES;
				CLANG_WARN_SUSPICIOUS_MOVE = YES;
				CLANG_WARN_UNGUARDED_AVAILABILITY = YES_AGGRESSIVE;
				CLANG_WARN_UNREACHABLE_CODE = YES;
				CLANG_WARN__DUPLICATE_METHOD_MATCH = YES;
				COPY_PHASE_STRIP = NO;
				DEBUG_INFORMATION_FORMAT = "dwarf-with-dsym";
				ENABLE_NS_ASSERTIONS = NO;
				ENABLE_STRICT_OBJC_MSGSEND = YES;
				GCC_C_LANGUAGE_STANDARD = gnu11;
				GCC_NO_COMMON_BLOCKS = YES;
				GCC_WARN_64_TO_32_BIT_CONVERSION = YES;
				GCC_WARN_ABOUT_RETURN_TYPE = YES_ERROR;
				GCC_WARN_UNDECLARED_SELECTOR = YES;
				GCC_WARN_UNINITIALIZED_AUTOS = YES_AGGRESSIVE;
				GCC_WARN_UNUSED_FUNCTION = YES;
				GCC_WARN_UNUSED_VARIABLE = YES;
				MTL_ENABLE_DEBUG_INFO = NO;
				MTL_FAST_MATH = YES;
				SWIFT_COMPILATION_MODE = wholemodule;
				SWIFT_OPTIMIZATION_LEVEL = "-O";
			};
			name = Release;
		};
		2F7D608F2906718D003A22EF /* Debug */ = {
			isa = XCBuildConfiguration;
			buildSettings = {
				ASSETCATALOG_COMPILER_APPICON_NAME = AppIcon;
				ASSETCATALOG_COMPILER_GLOBAL_ACCENT_COLOR_NAME = AccentColor;
				CODE_SIGN_ENTITLEMENTS = "MY-WeShop/MY_WeShop.entitlements";
				CODE_SIGN_STYLE = Automatic;
				CURRENT_PROJECT_VERSION = 1;
				DEVELOPMENT_ASSET_PATHS = "\"MY-WeShop/Preview Content\"";
				DEVELOPMENT_TEAM = 4BP826FJGX;
				ENABLE_HARDENED_RUNTIME = YES;
				ENABLE_PREVIEWS = YES;
				GENERATE_INFOPLIST_FILE = YES;
				"INFOPLIST_KEY_UIApplicationSceneManifest_Generation[sdk=iphoneos*]" = YES;
				"INFOPLIST_KEY_UIApplicationSceneManifest_Generation[sdk=iphonesimulator*]" = YES;
				"INFOPLIST_KEY_UIApplicationSupportsIndirectInputEvents[sdk=iphoneos*]" = YES;
				"INFOPLIST_KEY_UIApplicationSupportsIndirectInputEvents[sdk=iphonesimulator*]" = YES;
				"INFOPLIST_KEY_UILaunchScreen_Generation[sdk=iphoneos*]" = YES;
				"INFOPLIST_KEY_UILaunchScreen_Generation[sdk=iphonesimulator*]" = YES;
				"INFOPLIST_KEY_UIStatusBarStyle[sdk=iphoneos*]" = UIStatusBarStyleDefault;
				"INFOPLIST_KEY_UIStatusBarStyle[sdk=iphonesimulator*]" = UIStatusBarStyleDefault;
				INFOPLIST_KEY_UISupportedInterfaceOrientations_iPad = "UIInterfaceOrientationPortrait UIInterfaceOrientationPortraitUpsideDown UIInterfaceOrientationLandscapeLeft UIInterfaceOrientationLandscapeRight";
				INFOPLIST_KEY_UISupportedInterfaceOrientations_iPhone = "UIInterfaceOrientationPortrait UIInterfaceOrientationLandscapeLeft UIInterfaceOrientationLandscapeRight";
				IPHONEOS_DEPLOYMENT_TARGET = 16.0;
				LD_RUNPATH_SEARCH_PATHS = "@executable_path/Frameworks";
				"LD_RUNPATH_SEARCH_PATHS[sdk=macosx*]" = "@executable_path/../Frameworks";
				MACOSX_DEPLOYMENT_TARGET = 12.3;
				MARKETING_VERSION = 1.0;
				PRODUCT_BUNDLE_IDENTIFIER = "dev.neurothrone.MY-WeShop";
				PRODUCT_NAME = "$(TARGET_NAME)";
				SDKROOT = auto;
				SUPPORTED_PLATFORMS = "iphoneos iphonesimulator macosx";
				SWIFT_EMIT_LOC_STRINGS = YES;
				SWIFT_VERSION = 5.0;
				TARGETED_DEVICE_FAMILY = "1,2";
			};
			name = Debug;
		};
		2F7D60902906718D003A22EF /* Release */ = {
			isa = XCBuildConfiguration;
			buildSettings = {
				ASSETCATALOG_COMPILER_APPICON_NAME = AppIcon;
				ASSETCATALOG_COMPILER_GLOBAL_ACCENT_COLOR_NAME = AccentColor;
				CODE_SIGN_ENTITLEMENTS = "MY-WeShop/MY_WeShop.entitlements";
				CODE_SIGN_STYLE = Automatic;
				CURRENT_PROJECT_VERSION = 1;
				DEVELOPMENT_ASSET_PATHS = "\"MY-WeShop/Preview Content\"";
				DEVELOPMENT_TEAM = 4BP826FJGX;
				ENABLE_HARDENED_RUNTIME = YES;
				ENABLE_PREVIEWS = YES;
				GENERATE_INFOPLIST_FILE = YES;
				"INFOPLIST_KEY_UIApplicationSceneManifest_Generation[sdk=iphoneos*]" = YES;
				"INFOPLIST_KEY_UIApplicationSceneManifest_Generation[sdk=iphonesimulator*]" = YES;
				"INFOPLIST_KEY_UIApplicationSupportsIndirectInputEvents[sdk=iphoneos*]" = YES;
				"INFOPLIST_KEY_UIApplicationSupportsIndirectInputEvents[sdk=iphonesimulator*]" = YES;
				"INFOPLIST_KEY_UILaunchScreen_Generation[sdk=iphoneos*]" = YES;
				"INFOPLIST_KEY_UILaunchScreen_Generation[sdk=iphonesimulator*]" = YES;
				"INFOPLIST_KEY_UIStatusBarStyle[sdk=iphoneos*]" = UIStatusBarStyleDefault;
				"INFOPLIST_KEY_UIStatusBarStyle[sdk=iphonesimulator*]" = UIStatusBarStyleDefault;
				INFOPLIST_KEY_UISupportedInterfaceOrientations_iPad = "UIInterfaceOrientationPortrait UIInterfaceOrientationPortraitUpsideDown UIInterfaceOrientationLandscapeLeft UIInterfaceOrientationLandscapeRight";
				INFOPLIST_KEY_UISupportedInterfaceOrientations_iPhone = "UIInterfaceOrientationPortrait UIInterfaceOrientationLandscapeLeft UIInterfaceOrientationLandscapeRight";
				IPHONEOS_DEPLOYMENT_TARGET = 16.0;
				LD_RUNPATH_SEARCH_PATHS = "@executable_path/Frameworks";
				"LD_RUNPATH_SEARCH_PATHS[sdk=macosx*]" = "@executable_path/../Frameworks";
				MACOSX_DEPLOYMENT_TARGET = 12.3;
				MARKETING_VERSION = 1.0;
				PRODUCT_BUNDLE_IDENTIFIER = "dev.neurothrone.MY-WeShop";
				PRODUCT_NAME = "$(TARGET_NAME)";
				SDKROOT = auto;
				SUPPORTED_PLATFORMS = "iphoneos iphonesimulator macosx";
				SWIFT_EMIT_LOC_STRINGS = YES;
				SWIFT_VERSION = 5.0;
				TARGETED_DEVICE_FAMILY = "1,2";
			};
			name = Release;
		};
/* End XCBuildConfiguration section */

/* Begin XCConfigurationList section */
		2F7D607A2906718D003A22EF /* Build configuration list for PBXProject "MY-WeShop" */ = {
			isa = XCConfigurationList;
			buildConfigurations = (
				2F7D608C2906718D003A22EF /* Debug */,
				2F7D608D2906718D003A22EF /* Release */,
			);
			defaultConfigurationIsVisible = 0;
			defaultConfigurationName = Release;
		};
		2F7D608E2906718D003A22EF /* Build configuration list for PBXNativeTarget "MY-WeShop" */ = {
			isa = XCConfigurationList;
			buildConfigurations = (
				2F7D608F2906718D003A22EF /* Debug */,
				2F7D60902906718D003A22EF /* Release */,
			);
			defaultConfigurationIsVisible = 0;
			defaultConfigurationName = Release;
		};
/* End XCConfigurationList section */

/* Begin XCRemoteSwiftPackageReference section */
		2F7D609329067515003A22EF /* XCRemoteSwiftPackageReference "firebase-ios-sdk" */ = {
			isa = XCRemoteSwiftPackageReference;
			repositoryURL = "https://github.com/firebase/firebase-ios-sdk";
			requirement = {
				kind = upToNextMajorVersion;
				minimumVersion = 9.0.0;
			};
		};
/* End XCRemoteSwiftPackageReference section */

/* Begin XCSwiftPackageProductDependency section */
		2F7D609429067515003A22EF /* FirebaseAnalytics */ = {
			isa = XCSwiftPackageProductDependency;
			package = 2F7D609329067515003A22EF /* XCRemoteSwiftPackageReference "firebase-ios-sdk" */;
			productName = FirebaseAnalytics;
		};
		2F7D609629067515003A22EF /* FirebaseAnalyticsSwift */ = {
			isa = XCSwiftPackageProductDependency;
			package = 2F7D609329067515003A22EF /* XCRemoteSwiftPackageReference "firebase-ios-sdk" */;
			productName = FirebaseAnalyticsSwift;
		};
		2F7D609829067515003A22EF /* FirebaseAuth */ = {
			isa = XCSwiftPackageProductDependency;
			package = 2F7D609329067515003A22EF /* XCRemoteSwiftPackageReference "firebase-ios-sdk" */;
			productName = FirebaseAuth;
		};
		2F7D609A29067515003A22EF /* FirebaseDatabase */ = {
			isa = XCSwiftPackageProductDependency;
			package = 2F7D609329067515003A22EF /* XCRemoteSwiftPackageReference "firebase-ios-sdk" */;
			productName = FirebaseDatabase;
		};
		2F7D609C29067515003A22EF /* FirebaseDatabaseSwift */ = {
			isa = XCSwiftPackageProductDependency;
			package = 2F7D609329067515003A22EF /* XCRemoteSwiftPackageReference "firebase-ios-sdk" */;
			productName = FirebaseDatabaseSwift;
		};
/* End XCSwiftPackageProductDependency section */
	};
	rootObject = 2F7D60772906718D003A22EF /* Project object */;
}
